
Microsoft Visual Studio Solution File, Format Version 12.00
# Visual Studio Version 17
VisualStudioVersion = 17.0.32126.317
MinimumVisualStudioVersion = 10.0.40219.1
Project("{00D1A9C2-B5F0-4AF3-8072-F6C62B433612}") = "BootCamp-Challenge-9_SQL2", "BootCamp-Challenge-9_SQL2.sqlproj", "{01AFFED4-1B28-4CE2-9F46-6C32E3E88E7F}"
EndProject
Global
	GlobalSection(SolutionConfigurationPlatforms) = preSolution
		Debug|Any CPU = Debug|Any CPU
		Release|Any CPU = Release|Any CPU
	EndGlobalSection
	GlobalSection(ProjectConfigurationPlatforms) = postSolution
		{01AFFED4-1B28-4CE2-9F46-6C32E3E88E7F}.Debug|Any CPU.ActiveCfg = Debug|Any CPU
		{01AFFED4-1B28-4CE2-9F46-6C32E3E88E7F}.Debug|Any CPU.Build.0 = Debug|Any CPU
		{01AFFED4-1B28-4CE2-9F46-6C32E3E88E7F}.Debug|Any CPU.Deploy.0 = Debug|Any CPU
		{01AFFED4-1B28-4CE2-9F46-6C32E3E88E7F}.Release|Any CPU.ActiveCfg = Release|Any CPU
		{01AFFED4-1B28-4CE2-9F46-6C32E3E88E7F}.Release|Any CPU.Build.0 = Release|Any CPU
		{01AFFED4-1B28-4CE2-9F46-6C32E3E88E7F}.Release|Any CPU.Deploy.0 = Release|Any CPU
	EndGlobalSection
	GlobalSection(SolutionProperties) = preSolution
		HideSolutionNode = FALSE
	EndGlobalSection
	GlobalSection(ExtensibilityGlobals) = postSolution
		SolutionGuid = {F8A425DC-2459-46C4-9B64-EF56019579CF}
	EndGlobalSection
EndGlobal
